
Microsoft Visual Studio Solution File, Format Version 12.00
# Visual Studio 15
Project("{FAE04EC0-301F-11D3-BF4B-00C04F79EFBC}") = "Assembly-CSharp", "Assembly-CSharp.csproj", "{96B211A6-2B52-2123-BA8E-4AC9BFAAA75C}"
EndProject
Project("{FAE04EC0-301F-11D3-BF4B-00C04F79EFBC}") = "Assembly-CSharp-firstpass", "Assembly-CSharp-firstpass.csproj", "{707B59B4-7AB0-9BCE-2672-8D3EA00F1881}"
EndProject
Project("{FAE04EC0-301F-11D3-BF4B-00C04F79EFBC}") = "Assembly-CSharp-Editor", "Assembly-CSharp-Editor.csproj", "{3377415F-EA7D-765F-1770-43E65D6AB09F}"
EndProject
Project("{FAE04EC0-301F-11D3-BF4B-00C04F79EFBC}") = "Assembly-CSharp-Editor-firstpass", "Assembly-CSharp-Editor-firstpass.csproj", "{C6558CA3-67FE-1ECB-CFBB-C986CDBF807E}"
EndProject
Global
	GlobalSection(SolutionConfigurationPlatforms) = preSolution
		Debug|Any CPU = Debug|Any CPU
		Release|Any CPU = Release|Any CPU
	EndGlobalSection
	GlobalSection(ProjectConfigurationPlatforms) = postSolution
		{96B211A6-2B52-2123-BA8E-4AC9BFAAA75C}.Debug|Any CPU.ActiveCfg = Debug|Any CPU
		{96B211A6-2B52-2123-BA8E-4AC9BFAAA75C}.Debug|Any CPU.Build.0 = Debug|Any CPU
		{96B211A6-2B52-2123-BA8E-4AC9BFAAA75C}.Release|Any CPU.ActiveCfg = Release|Any CPU
		{96B211A6-2B52-2123-BA8E-4AC9BFAAA75C}.Release|Any CPU.Build.0 = Release|Any CPU
		{707B59B4-7AB0-9BCE-2672-8D3EA00F1881}.Debug|Any CPU.ActiveCfg = Debug|Any CPU
		{707B59B4-7AB0-9BCE-2672-8D3EA00F1881}.Debug|Any CPU.Build.0 = Debug|Any CPU
		{707B59B4-7AB0-9BCE-2672-8D3EA00F1881}.Release|Any CPU.ActiveCfg = Release|Any CPU
		{707B59B4-7AB0-9BCE-2672-8D3EA00F1881}.Release|Any CPU.Build.0 = Release|Any CPU
		{3377415F-EA7D-765F-1770-43E65D6AB09F}.Debug|Any CPU.ActiveCfg = Debug|Any CPU
		{3377415F-EA7D-765F-1770-43E65D6AB09F}.Debug|Any CPU.Build.0 = Debug|Any CPU
		{3377415F-EA7D-765F-1770-43E65D6AB09F}.Release|Any CPU.ActiveCfg = Release|Any CPU
		{3377415F-EA7D-765F-1770-43E65D6AB09F}.Release|Any CPU.Build.0 = Release|Any CPU
		{C6558CA3-67FE-1ECB-CFBB-C986CDBF807E}.Debug|Any CPU.ActiveCfg = Debug|Any CPU
		{C6558CA3-67FE-1ECB-CFBB-C986CDBF807E}.Debug|Any CPU.Build.0 = Debug|Any CPU
		{C6558CA3-67FE-1ECB-CFBB-C986CDBF807E}.Release|Any CPU.ActiveCfg = Release|Any CPU
		{C6558CA3-67FE-1ECB-CFBB-C986CDBF807E}.Release|Any CPU.Build.0 = Release|Any CPU
	EndGlobalSection
	GlobalSection(SolutionProperties) = preSolution
		HideSolutionNode = FALSE
	EndGlobalSection
EndGlobal
